
Microsoft Visual Studio Solution File, Format Version 12.00
# Visual Studio Version 17
VisualStudioVersion = 17.8.34511.84
MinimumVisualStudioVersion = 10.0.40219.1
Project("{FAE04EC0-301F-11D3-BF4B-00C04F79EFBC}") = "ProjectHavillahAPI", "ProjectHavillahAPI\ProjectHavillahAPI.csproj", "{D895BF39-E839-4FEF-B3E9-E2F9F69B1A48}"
EndProject
Global
	GlobalSection(SolutionConfigurationPlatforms) = preSolution
		Debug|Any CPU = Debug|Any CPU
		Release|Any CPU = Release|Any CPU
	EndGlobalSection
	GlobalSection(ProjectConfigurationPlatforms) = postSolution
		{D895BF39-E839-4FEF-B3E9-E2F9F69B1A48}.Debug|Any CPU.ActiveCfg = Debug|Any CPU
		{D895BF39-E839-4FEF-B3E9-E2F9F69B1A48}.Debug|Any CPU.Build.0 = Debug|Any CPU
		{D895BF39-E839-4FEF-B3E9-E2F9F69B1A48}.Release|Any CPU.ActiveCfg = Release|Any CPU
		{D895BF39-E839-4FEF-B3E9-E2F9F69B1A48}.Release|Any CPU.Build.0 = Release|Any CPU
	EndGlobalSection
	GlobalSection(SolutionProperties) = preSolution
		HideSolutionNode = FALSE
	EndGlobalSection
	GlobalSection(ExtensibilityGlobals) = postSolution
		SolutionGuid = {71857A3F-33B0-4492-9E97-DCC039940450}
	EndGlobalSection
EndGlobal
